
Microsoft Visual Studio Solution File, Format Version 12.00
# Visual Studio Version 16
VisualStudioVersion = 16.0.33801.447
MinimumVisualStudioVersion = 10.0.40219.1
Project("{FAE04EC0-301F-11D3-BF4B-00C04F79EFBC}") = "Blank_Sheet", "Blank_Sheet\Blank_Sheet.csproj", "{3B88AB60-747C-488D-B13D-CFE99EAC6C62}"
EndProject
Project("{54435603-DBB4-11D2-8724-00A0C9A8B90C}") = "Numberapp", "Numberapp\Numberapp.vdproj", "{18069CA8-4557-4AAB-95D0-E09C6636FBEF}"
EndProject
Global
	GlobalSection(SolutionConfigurationPlatforms) = preSolution
		Debug|Any CPU = Debug|Any CPU
		Release|Any CPU = Release|Any CPU
	EndGlobalSection
	GlobalSection(ProjectConfigurationPlatforms) = postSolution
		{3B88AB60-747C-488D-B13D-CFE99EAC6C62}.Debug|Any CPU.ActiveCfg = Debug|Any CPU
		{3B88AB60-747C-488D-B13D-CFE99EAC6C62}.Debug|Any CPU.Build.0 = Debug|Any CPU
		{3B88AB60-747C-488D-B13D-CFE99EAC6C62}.Release|Any CPU.ActiveCfg = Release|Any CPU
		{3B88AB60-747C-488D-B13D-CFE99EAC6C62}.Release|Any CPU.Build.0 = Release|Any CPU
		{18069CA8-4557-4AAB-95D0-E09C6636FBEF}.Debug|Any CPU.ActiveCfg = Debug
		{18069CA8-4557-4AAB-95D0-E09C6636FBEF}.Release|Any CPU.ActiveCfg = Release
	EndGlobalSection
	GlobalSection(SolutionProperties) = preSolution
		HideSolutionNode = FALSE
	EndGlobalSection
	GlobalSection(ExtensibilityGlobals) = postSolution
		SolutionGuid = {ACA5D3FD-7A94-4A38-883E-91965423CD98}
	EndGlobalSection
EndGlobal
