
Microsoft Visual Studio Solution File, Format Version 12.00
# Visual Studio Version 16
VisualStudioVersion = 16.0.33801.447
MinimumVisualStudioVersion = 10.0.40219.1
Project("{FAE04EC0-301F-11D3-BF4B-00C04F79EFBC}") = "NUmberapp", "NUmberapp\NUmberapp.csproj", "{866CC5F7-D568-4BF8-89E8-42CC8868C9DD}"
EndProject
Global
	GlobalSection(SolutionConfigurationPlatforms) = preSolution
		Debug|Any CPU = Debug|Any CPU
		Release|Any CPU = Release|Any CPU
	EndGlobalSection
	GlobalSection(ProjectConfigurationPlatforms) = postSolution
		{866CC5F7-D568-4BF8-89E8-42CC8868C9DD}.Debug|Any CPU.ActiveCfg = Debug|Any CPU
		{866CC5F7-D568-4BF8-89E8-42CC8868C9DD}.Debug|Any CPU.Build.0 = Debug|Any CPU
		{866CC5F7-D568-4BF8-89E8-42CC8868C9DD}.Release|Any CPU.ActiveCfg = Release|Any CPU
		{866CC5F7-D568-4BF8-89E8-42CC8868C9DD}.Release|Any CPU.Build.0 = Release|Any CPU
	EndGlobalSection
	GlobalSection(SolutionProperties) = preSolution
		HideSolutionNode = FALSE
	EndGlobalSection
	GlobalSection(ExtensibilityGlobals) = postSolution
		SolutionGuid = {7AB77A1C-AE5A-4362-AC20-AEAC3FF58009}
	EndGlobalSection
EndGlobal
